
Microsoft Visual Studio Solution File, Format Version 12.00
# Visual Studio 2012
Project("{FAE04EC0-301F-11D3-BF4B-00C04F79EFBC}") = "Practice", "Practice\Practice.csproj", "{B06D2582-7C0F-4E8C-8039-FC468DE8FEF0}"
EndProject
Global
	GlobalSection(SolutionConfigurationPlatforms) = preSolution
		Debug|Any CPU = Debug|Any CPU
		Release|Any CPU = Release|Any CPU
	EndGlobalSection
	GlobalSection(ProjectConfigurationPlatforms) = postSolution
		{B06D2582-7C0F-4E8C-8039-FC468DE8FEF0}.Debug|Any CPU.ActiveCfg = Debug|Any CPU
		{B06D2582-7C0F-4E8C-8039-FC468DE8FEF0}.Debug|Any CPU.Build.0 = Debug|Any CPU
		{B06D2582-7C0F-4E8C-8039-FC468DE8FEF0}.Release|Any CPU.ActiveCfg = Release|Any CPU
		{B06D2582-7C0F-4E8C-8039-FC468DE8FEF0}.Release|Any CPU.Build.0 = Release|Any CPU
	EndGlobalSection
	GlobalSection(SolutionProperties) = preSolution
		HideSolutionNode = FALSE
	EndGlobalSection
EndGlobal
