
Microsoft Visual Studio Solution File, Format Version 12.00
# Visual Studio 2012
Project("{FAE04EC0-301F-11D3-BF4B-00C04F79EFBC}") = "Attendance_App1", "Attendance_App1\Attendance_App1.csproj", "{A64991FD-5606-4827-A29F-30F77B610AC8}"
EndProject
Global
	GlobalSection(SolutionConfigurationPlatforms) = preSolution
		Debug|Any CPU = Debug|Any CPU
		Release|Any CPU = Release|Any CPU
	EndGlobalSection
	GlobalSection(ProjectConfigurationPlatforms) = postSolution
		{A64991FD-5606-4827-A29F-30F77B610AC8}.Debug|Any CPU.ActiveCfg = Debug|Any CPU
		{A64991FD-5606-4827-A29F-30F77B610AC8}.Debug|Any CPU.Build.0 = Debug|Any CPU
		{A64991FD-5606-4827-A29F-30F77B610AC8}.Release|Any CPU.ActiveCfg = Release|Any CPU
		{A64991FD-5606-4827-A29F-30F77B610AC8}.Release|Any CPU.Build.0 = Release|Any CPU
	EndGlobalSection
	GlobalSection(SolutionProperties) = preSolution
		HideSolutionNode = FALSE
	EndGlobalSection
EndGlobal
